Microsoft Visual Studio Solution File, Format Version 12.00
# Visual Studio Version 16
VisualStudioVersion = 16.0.30320.27
MinimumVisualStudioVersion = 10.0.40219.1
Project("{9A19103F-16F7-4668-BE54-9A1E7A4F7556}") = "PortingAssistant.Client.CLI", "src\PortingAssistant.Client\PortingAssistant.Client.CLI.csproj", "{E10A97D6-15E7-48F9-8414-8963ED325620}"
EndProject
Project("{9A19103F-16F7-4668-BE54-9A1E7A4F7556}") = "PortingAssistant.Client.Common", "src\PortingAssistant.Client.Common\PortingAssistant.Client.Common.csproj", "{73463208-681B-47A9-A73F-65DD37CACBCC}"
EndProject
Project("{9A19103F-16F7-4668-BE54-9A1E7A4F7556}") = "PortingAssistant.Client.Client", "src\PortingAssistant.Client.Client\PortingAssistant.Client.Client.csproj", "{DEC7CBB8-ADE8-47E6-96FF-79F39B26E402}"
EndProject
Project("{9A19103F-16F7-4668-BE54-9A1E7A4F7556}") = "PortingAssistant.Client.NuGet", "src\PortingAssistant.Client.NuGet\PortingAssistant.Client.NuGet.csproj", "{492A6A84-872D-4963-9EF2-A6F75B2C8DA7}"
EndProject
Project("{9A19103F-16F7-4668-BE54-9A1E7A4F7556}") = "PortingAssistant.Client.Porting", "src\PortingAssistant.Client.Porting\PortingAssistant.Client.Porting.csproj", "{B2B0C493-D9F5-4512-AA84-F9658ABBF872}"
EndProject
Project("{9A19103F-16F7-4668-BE54-9A1E7A4F7556}") = "PortingAssistant.Client.Analysis", "src\PortingAssistant.Client.Analysis\PortingAssistant.Client.Analysis.csproj", "{B6CB9EA2-85B1-4CBE-BCB2-A3583D74A1DD}"
EndProject
Project("{9A19103F-16F7-4668-BE54-9A1E7A4F7556}") = "PortingAssistant.Client.IntegrationTests", "tests\PortingAssistant.Client.IntegrationTests\PortingAssistant.Client.IntegrationTests.csproj", "{7F4E8154-19ED-4008-841A-CA463145156D}"
EndProject
Project("{9A19103F-16F7-4668-BE54-9A1E7A4F7556}") = "PortingAssistant.Client.UnitTests", "tests\PortingAssistant.Client.UnitTests\PortingAssistant.Client.UnitTests.csproj", "{DC046552-C0F6-475E-8593-3F81A7BCD47F}"
EndProject
Project("{9A19103F-16F7-4668-BE54-9A1E7A4F7556}") = "CTA.Rules.PortCore", "..\cta\src\CTA.Rules.PortCore\CTA.Rules.PortCore.csproj", "{C07438C8-0136-4E4C-A72C-3FF2ACC33EE6}"
EndProject
Global
	GlobalSection(SolutionConfigurationPlatforms) = preSolution
		Debug|Any CPU = Debug|Any CPU
		Release|Any CPU = Release|Any CPU
	EndGlobalSection
	GlobalSection(ProjectConfigurationPlatforms) = postSolution
		{E10A97D6-15E7-48F9-8414-8963ED325620}.Debug|Any CPU.ActiveCfg = Debug|Any CPU
		{E10A97D6-15E7-48F9-8414-8963ED325620}.Debug|Any CPU.Build.0 = Debug|Any CPU
		{E10A97D6-15E7-48F9-8414-8963ED325620}.Release|Any CPU.ActiveCfg = Release|Any CPU
		{E10A97D6-15E7-48F9-8414-8963ED325620}.Release|Any CPU.Build.0 = Release|Any CPU
		{73463208-681B-47A9-A73F-65DD37CACBCC}.Debug|Any CPU.ActiveCfg = Debug|Any CPU
		{73463208-681B-47A9-A73F-65DD37CACBCC}.Debug|Any CPU.Build.0 = Debug|Any CPU
		{73463208-681B-47A9-A73F-65DD37CACBCC}.Release|Any CPU.ActiveCfg = Release|Any CPU
		{73463208-681B-47A9-A73F-65DD37CACBCC}.Release|Any CPU.Build.0 = Release|Any CPU
		{DEC7CBB8-ADE8-47E6-96FF-79F39B26E402}.Debug|Any CPU.ActiveCfg = Debug|Any CPU
		{DEC7CBB8-ADE8-47E6-96FF-79F39B26E402}.Debug|Any CPU.Build.0 = Debug|Any CPU
		{DEC7CBB8-ADE8-47E6-96FF-79F39B26E402}.Release|Any CPU.ActiveCfg = Release|Any CPU
		{DEC7CBB8-ADE8-47E6-96FF-79F39B26E402}.Release|Any CPU.Build.0 = Release|Any CPU
		{492A6A84-872D-4963-9EF2-A6F75B2C8DA7}.Debug|Any CPU.ActiveCfg = Debug|Any CPU
		{492A6A84-872D-4963-9EF2-A6F75B2C8DA7}.Debug|Any CPU.Build.0 = Debug|Any CPU
		{492A6A84-872D-4963-9EF2-A6F75B2C8DA7}.Release|Any CPU.ActiveCfg = Release|Any CPU
		{492A6A84-872D-4963-9EF2-A6F75B2C8DA7}.Release|Any CPU.Build.0 = Release|Any CPU
		{B2B0C493-D9F5-4512-AA84-F9658ABBF872}.Debug|Any CPU.ActiveCfg = Debug|Any CPU
		{B2B0C493-D9F5-4512-AA84-F9658ABBF872}.Debug|Any CPU.Build.0 = Debug|Any CPU
		{B2B0C493-D9F5-4512-AA84-F9658ABBF872}.Release|Any CPU.ActiveCfg = Release|Any CPU
		{B2B0C493-D9F5-4512-AA84-F9658ABBF872}.Release|Any CPU.Build.0 = Release|Any CPU
		{B6CB9EA2-85B1-4CBE-BCB2-A3583D74A1DD}.Debug|Any CPU.ActiveCfg = Debug|Any CPU
		{B6CB9EA2-85B1-4CBE-BCB2-A3583D74A1DD}.Debug|Any CPU.Build.0 = Debug|Any CPU
		{B6CB9EA2-85B1-4CBE-BCB2-A3583D74A1DD}.Release|Any CPU.ActiveCfg = Release|Any CPU
		{B6CB9EA2-85B1-4CBE-BCB2-A3583D74A1DD}.Release|Any CPU.Build.0 = Release|Any CPU
		{7F4E8154-19ED-4008-841A-CA463145156D}.Debug|Any CPU.ActiveCfg = Debug|Any CPU
		{7F4E8154-19ED-4008-841A-CA463145156D}.Debug|Any CPU.Build.0 = Debug|Any CPU
		{7F4E8154-19ED-4008-841A-CA463145156D}.Release|Any CPU.ActiveCfg = Release|Any CPU
		{7F4E8154-19ED-4008-841A-CA463145156D}.Release|Any CPU.Build.0 = Release|Any CPU
		{DC046552-C0F6-475E-8593-3F81A7BCD47F}.Debug|Any CPU.ActiveCfg = Debug|Any CPU
		{DC046552-C0F6-475E-8593-3F81A7BCD47F}.Debug|Any CPU.Build.0 = Debug|Any CPU
		{DC046552-C0F6-475E-8593-3F81A7BCD47F}.Release|Any CPU.ActiveCfg = Release|Any CPU
		{DC046552-C0F6-475E-8593-3F81A7BCD47F}.Release|Any CPU.Build.0 = Release|Any CPU
		{C07438C8-0136-4E4C-A72C-3FF2ACC33EE6}.Debug|Any CPU.ActiveCfg = Debug|Any CPU
		{C07438C8-0136-4E4C-A72C-3FF2ACC33EE6}.Debug|Any CPU.Build.0 = Debug|Any CPU
		{C07438C8-0136-4E4C-A72C-3FF2ACC33EE6}.Release|Any CPU.ActiveCfg = Release|Any CPU
		{C07438C8-0136-4E4C-A72C-3FF2ACC33EE6}.Release|Any CPU.Build.0 = Release|Any CPU
	EndGlobalSection
	GlobalSection(SolutionProperties) = preSolution
		HideSolutionNode = FALSE
	EndGlobalSection
	GlobalSection(ExtensibilityGlobals) = postSolution
		SolutionGuid = {46F39674-A8DA-4581-8C3C-FF6E69D5DC31}
	EndGlobalSection
EndGlobal
