
Microsoft Visual Studio Solution File, Format Version 12.00
# Visual Studio 15
Project("{FAE04EC0-301F-11D3-BF4B-00C04F79EFBC}") = "testproject", "testproject\testproject.csproj", "{3800C2D3-A925-4FD1-8CA2-08CB94CCDDFC}"
EndProject
Global
	GlobalSection(SolutionConfigurationPlatforms) = preSolution
		Debug|Any CPU = Debug|Any CPU
		Release|Any CPU = Release|Any CPU
	EndGlobalSection
	GlobalSection(ProjectConfigurationPlatforms) = postSolution
		{3800C2D3-A925-4FD1-8CA2-08CB94CCDDFC}.Debug|Any CPU.ActiveCfg = Debug|Any CPU
		{3800C2D3-A925-4FD1-8CA2-08CB94CCDDFC}.Debug|Any CPU.Build.0 = Debug|Any CPU
		{3800C2D3-A925-4FD1-8CA2-08CB94CCDDFC}.Release|Any CPU.ActiveCfg = Release|Any CPU
		{3800C2D3-A925-4FD1-8CA2-08CB94CCDDFC}.Release|Any CPU.Build.0 = Release|Any CPU
	EndGlobalSection
EndGlobal
