
Microsoft Visual Studio Solution File, Format Version 12.00
# Visual Studio 15
Project("{FAE04EC0-301F-11D3-BF4B-00C04F79EFBC}") = "PortingAssistantCache", "PortingAssistantCache\PortingAssistantCache.csproj", "{B1538334-C3E6-4521-A291-9038842B4EEB}"
EndProject
Project("{FAE04EC0-301F-11D3-BF4B-00C04F79EFBC}") = "PortingAssistantApi", "PortingAssistantApi\PortingAssistantApi.csproj", "{F7AB2408-8611-4386-B9C9-625C943E7ECD}"
EndProject
Project("{FAE04EC0-301F-11D3-BF4B-00C04F79EFBC}") = "PortingAssistantAssessment", "PortingAssistantAssessment\PortingAssistantAssessment.csproj", "{CEF40EC4-B952-47D0-88ED-8D94D432479A}"
EndProject
Project("{FAE04EC0-301F-11D3-BF4B-00C04F79EFBC}") = "PortingAssistantApiElectron", "PortingAssistantApiElectron\PortingAssistantApiElectron.csproj", "{BD666D95-074C-4D31-969A-B62B5A3E0D1E}"
EndProject
Project("{FAE04EC0-301F-11D3-BF4B-00C04F79EFBC}") = "Nop.Core", "Nop.Core\Nop.Core.csproj", "{BD666D95-074C-4D31-969A-B62B5A3E0D1D}"
EndProject
Global
	GlobalSection(SolutionConfigurationPlatforms) = preSolution
		Debug|Any CPU = Debug|Any CPU
		Release|Any CPU = Release|Any CPU
	EndGlobalSection
	GlobalSection(ProjectConfigurationPlatforms) = postSolution
		{B1538334-C3E6-4521-A291-9038842B4EEB}.Debug|Any CPU.ActiveCfg = Debug|Any CPU
		{B1538334-C3E6-4521-A291-9038842B4EEB}.Debug|Any CPU.Build.0 = Debug|Any CPU
		{B1538334-C3E6-4521-A291-9038842B4EEB}.Release|Any CPU.ActiveCfg = Release|Any CPU
		{B1538334-C3E6-4521-A291-9038842B4EEB}.Release|Any CPU.Build.0 = Release|Any CPU
		{F7AB2408-8611-4386-B9C9-625C943E7ECD}.Debug|Any CPU.ActiveCfg = Debug|Any CPU
		{F7AB2408-8611-4386-B9C9-625C943E7ECD}.Debug|Any CPU.Build.0 = Debug|Any CPU
		{F7AB2408-8611-4386-B9C9-625C943E7ECD}.Release|Any CPU.ActiveCfg = Release|Any CPU
		{F7AB2408-8611-4386-B9C9-625C943E7ECD}.Release|Any CPU.Build.0 = Release|Any CPU
		{CEF40EC4-B952-47D0-88ED-8D94D432479A}.Debug|Any CPU.ActiveCfg = Debug|Any CPU
		{CEF40EC4-B952-47D0-88ED-8D94D432479A}.Debug|Any CPU.Build.0 = Debug|Any CPU
		{CEF40EC4-B952-47D0-88ED-8D94D432479A}.Release|Any CPU.ActiveCfg = Release|Any CPU
		{CEF40EC4-B952-47D0-88ED-8D94D432479A}.Release|Any CPU.Build.0 = Release|Any CPU
		{BD666D95-074C-4D31-969A-B62B5A3E0D1E}.Debug|Any CPU.ActiveCfg = Debug|Any CPU
		{BD666D95-074C-4D31-969A-B62B5A3E0D1E}.Debug|Any CPU.Build.0 = Debug|Any CPU
		{BD666D95-074C-4D31-969A-B62B5A3E0D1E}.Release|Any CPU.ActiveCfg = Release|Any CPU
		{BD666D95-074C-4D31-969A-B62B5A3E0D1E}.Release|Any CPU.Build.0 = Release|Any CPU
	EndGlobalSection
EndGlobal
