
Microsoft Visual Studio Solution File, Format Version 12.00
# Visual Studio Version 16
VisualStudioVersion = 25.0.1706.1
MinimumVisualStudioVersion = 10.0.40219.1
Project("{FAE04EC0-301F-11D3-BF4B-00C04F79EFBC}") = "PortingAssistant.Compatibility.Core", "PortingAssistant.Compatibility.Core.csproj", "{0D107462-5877-406A-909F-86DB2DFCB153}"
EndProject
Project("{FAE04EC0-301F-11D3-BF4B-00C04F79EFBC}") = "PortingAssistant.Compatibility.Common", "..\PortingAssistant.Compatibility.Common\PortingAssistant.Compatibility.Common.csproj", "{136C93DD-CD2C-4C14-8BBC-C5BF6CB0A760}"
EndProject
Project("{FAE04EC0-301F-11D3-BF4B-00C04F79EFBC}") = "PortingAssistant.Compatibility.Core.Tests", "..\..\tests\PortingAssistant.Compatibility.Core.Tests\PortingAssistant.Compatibility.Core.Tests.csproj", "{552114D0-399E-4462-9819-7C9BB122374C}"
EndProject
Global
	GlobalSection(SolutionConfigurationPlatforms) = preSolution
		Debug|Any CPU = Debug|Any CPU
		Release|Any CPU = Release|Any CPU
	EndGlobalSection
	GlobalSection(ProjectConfigurationPlatforms) = postSolution
		{0D107462-5877-406A-909F-86DB2DFCB153}.Debug|Any CPU.ActiveCfg = Debug|Any CPU
		{0D107462-5877-406A-909F-86DB2DFCB153}.Debug|Any CPU.Build.0 = Debug|Any CPU
		{0D107462-5877-406A-909F-86DB2DFCB153}.Release|Any CPU.ActiveCfg = Release|Any CPU
		{0D107462-5877-406A-909F-86DB2DFCB153}.Release|Any CPU.Build.0 = Release|Any CPU
		{136C93DD-CD2C-4C14-8BBC-C5BF6CB0A760}.Debug|Any CPU.ActiveCfg = Debug|Any CPU
		{136C93DD-CD2C-4C14-8BBC-C5BF6CB0A760}.Debug|Any CPU.Build.0 = Debug|Any CPU
		{136C93DD-CD2C-4C14-8BBC-C5BF6CB0A760}.Release|Any CPU.ActiveCfg = Release|Any CPU
		{136C93DD-CD2C-4C14-8BBC-C5BF6CB0A760}.Release|Any CPU.Build.0 = Release|Any CPU
		{552114D0-399E-4462-9819-7C9BB122374C}.Debug|Any CPU.ActiveCfg = Debug|Any CPU
		{552114D0-399E-4462-9819-7C9BB122374C}.Debug|Any CPU.Build.0 = Debug|Any CPU
		{552114D0-399E-4462-9819-7C9BB122374C}.Release|Any CPU.ActiveCfg = Release|Any CPU
		{552114D0-399E-4462-9819-7C9BB122374C}.Release|Any CPU.Build.0 = Release|Any CPU
	EndGlobalSection
	GlobalSection(SolutionProperties) = preSolution
		HideSolutionNode = FALSE
	EndGlobalSection
	GlobalSection(ExtensibilityGlobals) = postSolution
		SolutionGuid = {C596FB25-E0F5-43DC-B931-5BCFFAE0AB8B}
	EndGlobalSection
EndGlobal
