
Microsoft Visual Studio Solution File, Format Version 12.00
# Visual Studio 15
Project("{FAE04EC0-301F-11D3-BF4B-00C04F79EFBC}") = "PortingAssistantClient", "PortingAssistantClient.csproj", "{06AADB1B-6973-45B6-8DFD-691741EAC363}"
EndProject
Global
	GlobalSection(SolutionConfigurationPlatforms) = preSolution
		Debug|Any CPU = Debug|Any CPU
		Release|Any CPU = Release|Any CPU
	EndGlobalSection
	GlobalSection(ProjectConfigurationPlatforms) = postSolution
		{06AADB1B-6973-45B6-8DFD-691741EAC363}.Debug|Any CPU.ActiveCfg = Debug|Any CPU
		{06AADB1B-6973-45B6-8DFD-691741EAC363}.Debug|Any CPU.Build.0 = Debug|Any CPU
		{06AADB1B-6973-45B6-8DFD-691741EAC363}.Release|Any CPU.ActiveCfg = Release|Any CPU
		{06AADB1B-6973-45B6-8DFD-691741EAC363}.Release|Any CPU.Build.0 = Release|Any CPU
	EndGlobalSection
EndGlobal
